// !$*UTF8*$!
{
	archiveVersion = 1;
	classes = {
	};
	objectVersion = 45;
	objects = {

/* Begin PBXBuildFile section */
		73B841757B90520B5D944206 /* bChunk.cpp in Sources */ = {isa = PBXBuildFile; fileRef = 081A0E92238F3E45454131E7 /* bChunk.cpp */; };
		2773067E4F367E4F7A77390F /* bDNA.cpp in Sources */ = {isa = PBXBuildFile; fileRef = 269C7B3F06553E9543F740C8 /* bDNA.cpp */; };
		596857E12738699F6B7553B6 /* bFile.cpp in Sources */ = {isa = PBXBuildFile; fileRef = 03142D6F5F063C9845605BBD /* bFile.cpp */; };
		6A7747D842B45F380AEB65CA /* btBulletFile.cpp in Sources */ = {isa = PBXBuildFile; fileRef = 24BF2D71769F7A4845186429 /* btBulletFile.cpp */; };
/* End PBXBuildFile section */

/* Begin PBXFileReference section */
		35B87F83154F277D090B5544 /* bullet.h */ = {isa = PBXFileReference; lastKnownFileType = sourcecode.c.h; name = "bullet.h"; path = "../../Extras/Serialize/BulletFileLoader/autogenerated/bullet.h"; sourceTree = "<group>"; };
		081A0E92238F3E45454131E7 /* bChunk.cpp */ = {isa = PBXFileReference; lastKnownFileType = sourcecode.cpp.cpp; name = "bChunk.cpp"; path = "../../Extras/Serialize/BulletFileLoader/bChunk.cpp"; sourceTree = "<group>"; };
		2D377DFE68C65ED111A11C7A /* bChunk.h */ = {isa = PBXFileReference; lastKnownFileType = sourcecode.c.h; name = "bChunk.h"; path = "../../Extras/Serialize/BulletFileLoader/bChunk.h"; sourceTree = "<group>"; };
		33CE3E6F7EFE618510AE2320 /* bCommon.h */ = {isa = PBXFileReference; lastKnownFileType = sourcecode.c.h; name = "bCommon.h"; path = "../../Extras/Serialize/BulletFileLoader/bCommon.h"; sourceTree = "<group>"; };
		269C7B3F06553E9543F740C8 /* bDNA.cpp */ = {isa = PBXFileReference; lastKnownFileType = sourcecode.cpp.cpp; name = "bDNA.cpp"; path = "../../Extras/Serialize/BulletFileLoader/bDNA.cpp"; sourceTree = "<group>"; };
		1BE4419D5E1C2DE32B205FA8 /* bDNA.h */ = {isa = PBXFileReference; lastKnownFileType = sourcecode.c.h; name = "bDNA.h"; path = "../../Extras/Serialize/BulletFileLoader/bDNA.h"; sourceTree = "<group>"; };
		1D1F60B541E12EC932767078 /* bDefines.h */ = {isa = PBXFileReference; lastKnownFileType = sourcecode.c.h; name = "bDefines.h"; path = "../../Extras/Serialize/BulletFileLoader/bDefines.h"; sourceTree = "<group>"; };
		03142D6F5F063C9845605BBD /* bFile.cpp */ = {isa = PBXFileReference; lastKnownFileType = sourcecode.cpp.cpp; name = "bFile.cpp"; path = "../../Extras/Serialize/BulletFileLoader/bFile.cpp"; sourceTree = "<group>"; };
		5CF37544632F45E958E81083 /* bFile.h */ = {isa = PBXFileReference; lastKnownFileType = sourcecode.c.h; name = "bFile.h"; path = "../../Extras/Serialize/BulletFileLoader/bFile.h"; sourceTree = "<group>"; };
		24BF2D71769F7A4845186429 /* btBulletFile.cpp */ = {isa = PBXFileReference; lastKnownFileType = sourcecode.cpp.cpp; name = "btBulletFile.cpp"; path = "../../Extras/Serialize/BulletFileLoader/btBulletFile.cpp"; sourceTree = "<group>"; };
		5B245691770227907EC41095 /* btBulletFile.h */ = {isa = PBXFileReference; lastKnownFileType = sourcecode.c.h; name = "btBulletFile.h"; path = "../../Extras/Serialize/BulletFileLoader/btBulletFile.h"; sourceTree = "<group>"; };
		1CFE0EAC6C401E6840C75700 /* libBulletFileLoader_xcode4_x64_release.a */ = {isa = PBXFileReference; explicitFileType = archive.ar; includeInIndex = 0; name = "libBulletFileLoader_xcode4_x64_release.a"; path = "libBulletFileLoader_xcode4_x64_release.a"; sourceTree = BUILT_PRODUCTS_DIR; };
/* End PBXFileReference section */

/* Begin PBXFrameworksBuildPhase section */
		1CE2780B4B0B778F58EA1706 /* Frameworks */ = {
			isa = PBXFrameworksBuildPhase;
			buildActionMask = 2147483647;
			files = (
			);
			runOnlyForDeploymentPostprocessing = 0;
		};
/* End PBXFrameworksBuildPhase section */

/* Begin PBXGroup section */
		12E7249F64446BA874BE6F74 /* BulletFileLoader */ = {
			isa = PBXGroup;
			children = (
				38A42EE14AE917E42C2029DC /* Extras */,
				537C282C6AB80FE9232E3485 /* Products */,
			);
			name = "BulletFileLoader";
			sourceTree = "<group>";
		};
		38A42EE14AE917E42C2029DC /* Extras */ = {
			isa = PBXGroup;
			children = (
				5F3658E8180F36506BAA6D80 /* Serialize */,
			);
			name = "Extras";
			sourceTree = "<group>";
		};
		5F3658E8180F36506BAA6D80 /* Serialize */ = {
			isa = PBXGroup;
			children = (
				2DA132DA21C109E807A4374F /* BulletFileLoader */,
			);
			name = "Serialize";
			sourceTree = "<group>";
		};
		2DA132DA21C109E807A4374F /* BulletFileLoader */ = {
			isa = PBXGroup;
			children = (
				374E719F0F3F1B40413F1C40 /* autogenerated */,
				081A0E92238F3E45454131E7 /* bChunk.cpp */,
				2D377DFE68C65ED111A11C7A /* bChunk.h */,
				33CE3E6F7EFE618510AE2320 /* bCommon.h */,
				269C7B3F06553E9543F740C8 /* bDNA.cpp */,
				1BE4419D5E1C2DE32B205FA8 /* bDNA.h */,
				1D1F60B541E12EC932767078 /* bDefines.h */,
				03142D6F5F063C9845605BBD /* bFile.cpp */,
				5CF37544632F45E958E81083 /* bFile.h */,
				24BF2D71769F7A4845186429 /* btBulletFile.cpp */,
				5B245691770227907EC41095 /* btBulletFile.h */,
			);
			name = "BulletFileLoader";
			sourceTree = "<group>";
		};
		374E719F0F3F1B40413F1C40 /* autogenerated */ = {
			isa = PBXGroup;
			children = (
				35B87F83154F277D090B5544 /* bullet.h */,
			);
			name = "autogenerated";
			sourceTree = "<group>";
		};
		537C282C6AB80FE9232E3485 /* Products */ = {
			isa = PBXGroup;
			children = (
				1CFE0EAC6C401E6840C75700 /* libBulletFileLoader_xcode4_x64_release.a */,
			);
			name = "Products";
			sourceTree = "<group>";
		};
/* End PBXGroup section */

/* Begin PBXNativeTarget section */
		52A21C7215D702553EC51A5B /* BulletFileLoader */ = {
			isa = PBXNativeTarget;
			buildConfigurationList = 0A014AF40E252CA805275954 /* Build configuration list for PBXNativeTarget "BulletFileLoader" */;
			buildPhases = (
				3D4712EA6F737CF55EA67188 /* Resources */,
				180855E532A37BBE7C555F7D /* Sources */,
				1CE2780B4B0B778F58EA1706 /* Frameworks */,
			);
			buildRules = (
			);
			dependencies = (
			);
			name = "BulletFileLoader";
			productName = "BulletFileLoader";
			productReference = 1CFE0EAC6C401E6840C75700 /* libBulletFileLoader_xcode4_x64_release.a */;
			productType = "com.apple.product-type.library.static";
		};
/* End PBXNativeTarget section */

/* Begin PBXProject section */
		08FB7793FE84155DC02AAC07 /* Project object */ = {
			isa = PBXProject;
			buildConfigurationList = 1DEB928908733DD80010E9CD /* Build configuration list for PBXProject "BulletFileLoader" */;
			compatibilityVersion = "Xcode 3.2";
			hasScannedForEncodings = 1;
			mainGroup = 12E7249F64446BA874BE6F74 /* BulletFileLoader */;
			projectDirPath = "";
			projectRoot = "";
			targets = (
				52A21C7215D702553EC51A5B /* libBulletFileLoader_xcode4_x64_release.a */,
			);
		};
/* End PBXProject section */

/* Begin PBXResourcesBuildPhase section */
		3D4712EA6F737CF55EA67188 /* Resources */ = {
			isa = PBXResourcesBuildPhase;
			buildActionMask = 2147483647;
			files = (
			);
			runOnlyForDeploymentPostprocessing = 0;
		};
/* End PBXResourcesBuildPhase section */

/* Begin PBXSourcesBuildPhase section */
		180855E532A37BBE7C555F7D /* Sources */ = {
			isa = PBXSourcesBuildPhase;
			buildActionMask = 2147483647;
			files = (
				73B841757B90520B5D944206 /* bChunk.cpp in Sources */,
				2773067E4F367E4F7A77390F /* bDNA.cpp in Sources */,
				596857E12738699F6B7553B6 /* bFile.cpp in Sources */,
				6A7747D842B45F380AEB65CA /* btBulletFile.cpp in Sources */,
			);
			runOnlyForDeploymentPostprocessing = 0;
		};
/* End PBXSourcesBuildPhase section */

/* Begin PBXVariantGroup section */
/* End PBXVariantGroup section */

/* Begin XCBuildConfiguration section */
		1277027779E2225061634711 /* Release */ = {
			isa = XCBuildConfiguration;
			buildSettings = {
				INFOPLIST_FILE = "../../test/Bullet2/Info.plist";
				CODE_SIGN_IDENTITY = "iPhone Developer";
				SDKROOT = iphoneos;
				ARCHS = "armv7";
				TARGETED_DEVICE_FAMILY = "1,2";
				VALID_ARCHS = "armv7";
				ALWAYS_SEARCH_USER_PATHS = NO;
				DEBUG_INFORMATION_FORMAT = "dwarf-with-dsym";
				CONFIGURATION_BUILD_DIR = "../../bin";
				GCC_DYNAMIC_NO_PIC = NO;
				GCC_MODEL_TUNING = G5;
				INSTALL_PATH = /usr/local/lib;
				PRODUCT_NAME = "BulletFileLoader_xcode4_x64_release";
			};
			name = "Release";
		};
		7690288E287B620F4C523361 /* Debug */ = {
			isa = XCBuildConfiguration;
			buildSettings = {
				INFOPLIST_FILE = "../../test/Bullet2/Info.plist";
				CODE_SIGN_IDENTITY = "iPhone Developer";
				SDKROOT = iphoneos;
				ARCHS = "armv7";
				TARGETED_DEVICE_FAMILY = "1,2";
				VALID_ARCHS = "armv7";
				ALWAYS_SEARCH_USER_PATHS = NO;
				CONFIGURATION_BUILD_DIR = "../../bin";
				GCC_DYNAMIC_NO_PIC = NO;
				GCC_MODEL_TUNING = G5;
				INSTALL_PATH = /usr/local/lib;
				PRODUCT_NAME = "BulletFileLoader_xcode4_x64_debug";
			};
			name = "Debug";
		};
		5D4D0CCC61534F9C22107B7B /* Release */ = {
			isa = XCBuildConfiguration;
			buildSettings = {
				INFOPLIST_FILE = "../../test/Bullet2/Info.plist";
				CODE_SIGN_IDENTITY = "iPhone Developer";
				SDKROOT = iphoneos;
				ARCHS = "armv7";
				TARGETED_DEVICE_FAMILY = "1,2";
				VALID_ARCHS = "armv7";
				SDKROOT = macosx;
				ARCHS = "x86_64";
				CONFIGURATION_BUILD_DIR = "$(SYMROOT)";
				CONFIGURATION_TEMP_DIR = "$(OBJROOT)";
				GCC_C_LANGUAGE_STANDARD = gnu99;
				GCC_OPTIMIZATION_LEVEL = s;
				GCC_SYMBOLS_PRIVATE_EXTERN = NO;
				GCC_WARN_ABOUT_RETURN_TYPE = YES;
				GCC_WARN_UNUSED_VARIABLE = YES;
				HEADER_SEARCH_PATHS = (
					"../../src",
				);
				OBJROOT = "obj/x64/Release/BulletFileLoader";
				ONLY_ACTIVE_ARCH = NO;
				OTHER_CFLAGS = (
					"-ffast-math",
				);
				STANDARD_C_PLUS_PLUS_LIBRARY_TYPE = static;
				SYMROOT = "../../bin";
			};
			name = "Release";
		};
		399C3784420B73270F3E4879 /* Debug */ = {
			isa = XCBuildConfiguration;
			buildSettings = {
				INFOPLIST_FILE = "../../test/Bullet2/Info.plist";
				CODE_SIGN_IDENTITY = "iPhone Developer";
				SDKROOT = iphoneos;
				ARCHS = "armv7";
				TARGETED_DEVICE_FAMILY = "1,2";
				VALID_ARCHS = "armv7";
				SDKROOT = macosx;
				ARCHS = "x86_64";
				CONFIGURATION_BUILD_DIR = "$(SYMROOT)";
				CONFIGURATION_TEMP_DIR = "$(OBJROOT)";
				COPY_PHASE_STRIP = NO;
				GCC_C_LANGUAGE_STANDARD = gnu99;
				GCC_OPTIMIZATION_LEVEL = 0;
				GCC_PREPROCESSOR_DEFINITIONS = (
					"_DEBUG=1",
				);
				GCC_SYMBOLS_PRIVATE_EXTERN = NO;
				GCC_WARN_ABOUT_RETURN_TYPE = YES;
				GCC_WARN_UNUSED_VARIABLE = YES;
				HEADER_SEARCH_PATHS = (
					"../../src",
				);
				OBJROOT = "obj/x64/Debug/BulletFileLoader";
				ONLY_ACTIVE_ARCH = YES;
				OTHER_CFLAGS = (
					"-ffast-math",
				);
				STANDARD_C_PLUS_PLUS_LIBRARY_TYPE = static;
				SYMROOT = "../../bin";
			};
			name = "Debug";
		};
/* End XCBuildConfiguration section */

/* Begin XCConfigurationList section */
		0A014AF40E252CA805275954 /* Build configuration list for PBXNativeTarget "libBulletFileLoader_xcode4_x64_release.a" */ = {
			isa = XCConfigurationList;
			buildConfigurations = (
				1277027779E2225061634711 /* Release */,
				7690288E287B620F4C523361 /* Debug */,
			);
			defaultConfigurationIsVisible = 0;
			defaultConfigurationName = "Release";
		};
		1DEB928908733DD80010E9CD /* Build configuration list for PBXProject "BulletFileLoader" */ = {
			isa = XCConfigurationList;
			buildConfigurations = (
				5D4D0CCC61534F9C22107B7B /* Release */,
				399C3784420B73270F3E4879 /* Debug */,
			);
			defaultConfigurationIsVisible = 0;
			defaultConfigurationName = "Release";
		};
/* End XCConfigurationList section */

	};
	rootObject = 08FB7793FE84155DC02AAC07 /* Project object */;
}
